{
  "originHash" : "3ba8770f315d1d7a3749c8b03333179bd3c9dc528965082887e1ca7d658d85d3",
  "pins" : [
    {
      "identity" : "dicom-decoder",
      "kind" : "remoteSourceControl",
      "location" : "https://github.com/ATRIA-Team/DICOM-Decoder.git",
      "state" : {
        "revision" : "7902967736f00841dbbafb65924d53056d5faa27",
        "version" : "1.0.0"
      }
    },
    {
      "identity" : "icloudfoldersync",
      "kind" : "remoteSourceControl",
      "location" : "https://github.com/ATRIA-Team/iCloudFolderSync.git",
      "state" : {
        "branch" : "main",
        "revision" : "9970dfc0f6eb82c5cd984bf74fce579ed4d0eda7"
      }
    }
  ],
  "version" : 3
}
